// !$*UTF8*$!
{
	archiveVersion = 1;
	classes = {
	};
	objectVersion = 56;
	objects = {

/* Begin PBXBuildFile section */
		5246C22A2B74663D00DB37E7 /* HydrationApp.swift in Sources */ = {isa = PBXBuildFile; fileRef = 5246C2292B74663D00DB37E7 /* HydrationApp.swift */; };
		5246C22C2B74663D00DB37E7 /* HydrationView.swift in Sources */ = {isa = PBXBuildFile; fileRef = 5246C22B2B74663D00DB37E7 /* HydrationView.swift */; };
		5246C22E2B74663E00DB37E7 /* Assets.xcassets in Resources */ = {isa = PBXBuildFile; fileRef = 5246C22D2B74663E00DB37E7 /* Assets.xcassets */; };
		5246C2312B74663E00DB37E7 /* Preview Assets.xcassets in Resources */ = {isa = PBXBuildFile; fileRef = 5246C2302B74663E00DB37E7 /* Preview Assets.xcassets */; };
		5246C2382B74667500DB37E7 /* LocationManager.swift in Sources */ = {isa = PBXBuildFile; fileRef = 5246C2372B74667500DB37E7 /* LocationManager.swift */; };
		5262AF6B2B9FCED700007EAC /* HydrationStatsView.swift in Sources */ = {isa = PBXBuildFile; fileRef = 5262AF6A2B9FCED700007EAC /* HydrationStatsView.swift */; };
		5262AF6D2BA0FE1900007EAC /* CircularWaterProgressView.swift in Sources */ = {isa = PBXBuildFile; fileRef = 5262AF6C2BA0FE1900007EAC /* CircularWaterProgressView.swift */; };
		527F674B2BA27D8200193CC7 /* SleepFunctions.swift in Sources */ = {isa = PBXBuildFile; fileRef = 527F67462BA27D8200193CC7 /* SleepFunctions.swift */; };
		527F674C2BA27D8200193CC7 /* SleepResultView.swift in Sources */ = {isa = PBXBuildFile; fileRef = 527F67472BA27D8200193CC7 /* SleepResultView.swift */; };
		527F674D2BA27D8200193CC7 /* ZotSleepView.swift in Sources */ = {isa = PBXBuildFile; fileRef = 527F67482BA27D8200193CC7 /* ZotSleepView.swift */; };
		527F674E2BA27D8200193CC7 /* SleepImproveView.swift in Sources */ = {isa = PBXBuildFile; fileRef = 527F67492BA27D8200193CC7 /* SleepImproveView.swift */; };
		527F674F2BA27D8200193CC7 /* SleepCalcView.swift in Sources */ = {isa = PBXBuildFile; fileRef = 527F674A2BA27D8200193CC7 /* SleepCalcView.swift */; };
		5297317C2B9E94D7004D13FD /* InputView.swift in Sources */ = {isa = PBXBuildFile; fileRef = 529731632B9E94D7004D13FD /* InputView.swift */; };
		5297317D2B9E94D7004D13FD /* SettingsRowView.swift in Sources */ = {isa = PBXBuildFile; fileRef = 529731642B9E94D7004D13FD /* SettingsRowView.swift */; };
		5297317E2B9E94D7004D13FD /* LoginView.swift in Sources */ = {isa = PBXBuildFile; fileRef = 529731662B9E94D7004D13FD /* LoginView.swift */; };
		5297317F2B9E94D7004D13FD /* RegistrationView.swift in Sources */ = {isa = PBXBuildFile; fileRef = 529731672B9E94D7004D13FD /* RegistrationView.swift */; };
		529731802B9E94D7004D13FD /* UserView.swift in Sources */ = {isa = PBXBuildFile; fileRef = 5297316A2B9E94D7004D13FD /* UserView.swift */; };
		529731812B9E94D7004D13FD /* HomeView.swift in Sources */ = {isa = PBXBuildFile; fileRef = 5297316C2B9E94D7004D13FD /* HomeView.swift */; };
		529731822B9E94D7004D13FD /* User.swift in Sources */ = {isa = PBXBuildFile; fileRef = 5297316F2B9E94D7004D13FD /* User.swift */; };
		529731832B9E94D7004D13FD /* SwiftUIApp.swift in Sources */ = {isa = PBXBuildFile; fileRef = 529731732B9E94D7004D13FD /* SwiftUIApp.swift */; };
		529731842B9E94D7004D13FD /* AuthViewModel.swift in Sources */ = {isa = PBXBuildFile; fileRef = 529731772B9E94D7004D13FD /* AuthViewModel.swift */; };
		529731892B9E979D004D13FD /* FirebaseAuth in Frameworks */ = {isa = PBXBuildFile; productRef = 529731882B9E979D004D13FD /* FirebaseAuth */; };
		5297318B2B9E979D004D13FD /* FirebaseDatabase in Frameworks */ = {isa = PBXBuildFile; productRef = 5297318A2B9E979D004D13FD /* FirebaseDatabase */; };
		5297318D2B9E979D004D13FD /* FirebaseFirestore in Frameworks */ = {isa = PBXBuildFile; productRef = 5297318C2B9E979D004D13FD /* FirebaseFirestore */; };
		5297318F2B9E979D004D13FD /* FirebaseFirestoreSwift in Frameworks */ = {isa = PBXBuildFile; productRef = 5297318E2B9E979D004D13FD /* FirebaseFirestoreSwift */; };
		529731912B9E979D004D13FD /* FirebaseStorage in Frameworks */ = {isa = PBXBuildFile; productRef = 529731902B9E979D004D13FD /* FirebaseStorage */; };
		529731932B9E994A004D13FD /* GoogleService-Info.plist in Resources */ = {isa = PBXBuildFile; fileRef = 529731922B9E994A004D13FD /* GoogleService-Info.plist */; };
		529731952B9FAD6F004D13FD /* ProfileView.swift in Sources */ = {isa = PBXBuildFile; fileRef = 529731942B9FAD6F004D13FD /* ProfileView.swift */; };
		52BEE20E2B904EFE00F90F3A /* MuscleGroupView.swift in Sources */ = {isa = PBXBuildFile; fileRef = 52BEE20D2B904EFE00F90F3A /* MuscleGroupView.swift */; };
		52BEE2102B91443C00F90F3A /* ExerciseDifficultyView.swift in Sources */ = {isa = PBXBuildFile; fileRef = 52BEE20F2B91443C00F90F3A /* ExerciseDifficultyView.swift */; };
		52BEE2122B915BBD00F90F3A /* ExerciseSuggestionView.swift in Sources */ = {isa = PBXBuildFile; fileRef = 52BEE2112B915BBD00F90F3A /* ExerciseSuggestionView.swift */; };
		52C048752B783E06001E4884 /* SideMenuView.swift in Sources */ = {isa = PBXBuildFile; fileRef = 52C048742B783E06001E4884 /* SideMenuView.swift */; };
		52C048772B783E19001E4884 /* SideMenuHeaderView.swift in Sources */ = {isa = PBXBuildFile; fileRef = 52C048762B783E19001E4884 /* SideMenuHeaderView.swift */; };
		52C048792B783E2E001E4884 /* SideMenuOptionView.swift in Sources */ = {isa = PBXBuildFile; fileRef = 52C048782B783E2E001E4884 /* SideMenuOptionView.swift */; };
		52C0487B2B783E61001E4884 /* SideMenuViewModel.swift in Sources */ = {isa = PBXBuildFile; fileRef = 52C0487A2B783E61001E4884 /* SideMenuViewModel.swift */; };
		52C0487F2B79D79E001E4884 /* ZotFitView.swift in Sources */ = {isa = PBXBuildFile; fileRef = 52C0487E2B79D79E001E4884 /* ZotFitView.swift */; };
		52C048832B8AC9EE001E4884 /* ExerciseTypeView.swift in Sources */ = {isa = PBXBuildFile; fileRef = 52C048822B8AC9EE001E4884 /* ExerciseTypeView.swift */; };
		B691E3232BA1150B003C4233 /* Launch Screen.storyboard in Resources */ = {isa = PBXBuildFile; fileRef = B691E3222BA1150B003C4233 /* Launch Screen.storyboard */; };
		DED7A72A2BA264610033309C /* WaterIntakeView.swift in Sources */ = {isa = PBXBuildFile; fileRef = DED7A7292BA264610033309C /* WaterIntakeView.swift */; };
		DEE21C162BA126260083CA46 /* ScoreView.swift in Sources */ = {isa = PBXBuildFile; fileRef = DEE21C152BA126260083CA46 /* ScoreView.swift */; };
/* End PBXBuildFile section */

/* Begin PBXFileReference section */
		5246C2262B74663D00DB37E7 /* Hydration.app */ = {isa = PBXFileReference; explicitFileType = wrapper.application; includeInIndex = 0; path = Hydration.app; sourceTree = BUILT_PRODUCTS_DIR; };
		5246C2292B74663D00DB37E7 /* HydrationApp.swift */ = {isa = PBXFileReference; lastKnownFileType = sourcecode.swift; path = HydrationApp.swift; sourceTree = "<group>"; };
		5246C22B2B74663D00DB37E7 /* HydrationView.swift */ = {isa = PBXFileReference; lastKnownFileType = sourcecode.swift; path = HydrationView.swift; sourceTree = "<group>"; };
		5246C22D2B74663E00DB37E7 /* Assets.xcassets */ = {isa = PBXFileReference; lastKnownFileType = folder.assetcatalog; path = Assets.xcassets; sourceTree = "<group>"; };
		5246C2302B74663E00DB37E7 /* Preview Assets.xcassets */ = {isa = PBXFileReference; lastKnownFileType = folder.assetcatalog; path = "Preview Assets.xcassets"; sourceTree = "<group>"; };
		5246C2372B74667500DB37E7 /* LocationManager.swift */ = {isa = PBXFileReference; lastKnownFileType = sourcecode.swift; path = LocationManager.swift; sourceTree = "<group>"; };
		5262AF6A2B9FCED700007EAC /* HydrationStatsView.swift */ = {isa = PBXFileReference; lastKnownFileType = sourcecode.swift; path = HydrationStatsView.swift; sourceTree = "<group>"; };
		5262AF6C2BA0FE1900007EAC /* CircularWaterProgressView.swift */ = {isa = PBXFileReference; lastKnownFileType = sourcecode.swift; path = CircularWaterProgressView.swift; sourceTree = "<group>"; };
		527F67462BA27D8200193CC7 /* SleepFunctions.swift */ = {isa = PBXFileReference; fileEncoding = 4; lastKnownFileType = sourcecode.swift; path = SleepFunctions.swift; sourceTree = "<group>"; };
		527F67472BA27D8200193CC7 /* SleepResultView.swift */ = {isa = PBXFileReference; fileEncoding = 4; lastKnownFileType = sourcecode.swift; path = SleepResultView.swift; sourceTree = "<group>"; };
		527F67482BA27D8200193CC7 /* ZotSleepView.swift */ = {isa = PBXFileReference; fileEncoding = 4; lastKnownFileType = sourcecode.swift; path = ZotSleepView.swift; sourceTree = "<group>"; };
		527F67492BA27D8200193CC7 /* SleepImproveView.swift */ = {isa = PBXFileReference; fileEncoding = 4; lastKnownFileType = sourcecode.swift; path = SleepImproveView.swift; sourceTree = "<group>"; };
		527F674A2BA27D8200193CC7 /* SleepCalcView.swift */ = {isa = PBXFileReference; fileEncoding = 4; lastKnownFileType = sourcecode.swift; path = SleepCalcView.swift; sourceTree = "<group>"; };
		529731632B9E94D7004D13FD /* InputView.swift */ = {isa = PBXFileReference; fileEncoding = 4; lastKnownFileType = sourcecode.swift; path = InputView.swift; sourceTree = "<group>"; };
		529731642B9E94D7004D13FD /* SettingsRowView.swift */ = {isa = PBXFileReference; fileEncoding = 4; lastKnownFileType = sourcecode.swift; path = SettingsRowView.swift; sourceTree = "<group>"; };
		529731662B9E94D7004D13FD /* LoginView.swift */ = {isa = PBXFileReference; fileEncoding = 4; lastKnownFileType = sourcecode.swift; path = LoginView.swift; sourceTree = "<group>"; };
		529731672B9E94D7004D13FD /* RegistrationView.swift */ = {isa = PBXFileReference; fileEncoding = 4; lastKnownFileType = sourcecode.swift; path = RegistrationView.swift; sourceTree = "<group>"; };
		5297316A2B9E94D7004D13FD /* UserView.swift */ = {isa = PBXFileReference; fileEncoding = 4; lastKnownFileType = sourcecode.swift; path = UserView.swift; sourceTree = "<group>"; };
		5297316C2B9E94D7004D13FD /* HomeView.swift */ = {isa = PBXFileReference; fileEncoding = 4; lastKnownFileType = sourcecode.swift; path = HomeView.swift; sourceTree = "<group>"; };
		5297316F2B9E94D7004D13FD /* User.swift */ = {isa = PBXFileReference; fileEncoding = 4; lastKnownFileType = sourcecode.swift; path = User.swift; sourceTree = "<group>"; };
		529731732B9E94D7004D13FD /* SwiftUIApp.swift */ = {isa = PBXFileReference; fileEncoding = 4; lastKnownFileType = sourcecode.swift; path = SwiftUIApp.swift; sourceTree = "<group>"; };
		529731772B9E94D7004D13FD /* AuthViewModel.swift */ = {isa = PBXFileReference; fileEncoding = 4; lastKnownFileType = sourcecode.swift; path = AuthViewModel.swift; sourceTree = "<group>"; };
		529731922B9E994A004D13FD /* GoogleService-Info.plist */ = {isa = PBXFileReference; fileEncoding = 4; lastKnownFileType = text.plist.xml; path = "GoogleService-Info.plist"; sourceTree = "<group>"; };
		529731942B9FAD6F004D13FD /* ProfileView.swift */ = {isa = PBXFileReference; lastKnownFileType = sourcecode.swift; path = ProfileView.swift; sourceTree = "<group>"; };
		52BEE20D2B904EFE00F90F3A /* MuscleGroupView.swift */ = {isa = PBXFileReference; fileEncoding = 4; lastKnownFileType = sourcecode.swift; path = MuscleGroupView.swift; sourceTree = "<group>"; };
		52BEE20F2B91443C00F90F3A /* ExerciseDifficultyView.swift */ = {isa = PBXFileReference; lastKnownFileType = sourcecode.swift; path = ExerciseDifficultyView.swift; sourceTree = "<group>"; };
		52BEE2112B915BBD00F90F3A /* ExerciseSuggestionView.swift */ = {isa = PBXFileReference; lastKnownFileType = sourcecode.swift; path = ExerciseSuggestionView.swift; sourceTree = "<group>"; };
		52C048742B783E06001E4884 /* SideMenuView.swift */ = {isa = PBXFileReference; lastKnownFileType = sourcecode.swift; path = SideMenuView.swift; sourceTree = "<group>"; };
		52C048762B783E19001E4884 /* SideMenuHeaderView.swift */ = {isa = PBXFileReference; lastKnownFileType = sourcecode.swift; path = SideMenuHeaderView.swift; sourceTree = "<group>"; };
		52C048782B783E2E001E4884 /* SideMenuOptionView.swift */ = {isa = PBXFileReference; lastKnownFileType = sourcecode.swift; path = SideMenuOptionView.swift; sourceTree = "<group>"; };
		52C0487A2B783E61001E4884 /* SideMenuViewModel.swift */ = {isa = PBXFileReference; lastKnownFileType = sourcecode.swift; path = SideMenuViewModel.swift; sourceTree = "<group>"; };
		52C0487E2B79D79E001E4884 /* ZotFitView.swift */ = {isa = PBXFileReference; lastKnownFileType = sourcecode.swift; path = ZotFitView.swift; sourceTree = "<group>"; };
		52C048822B8AC9EE001E4884 /* ExerciseTypeView.swift */ = {isa = PBXFileReference; lastKnownFileType = sourcecode.swift; path = ExerciseTypeView.swift; sourceTree = "<group>"; };
		B67480EF2B8B0A9800C94876 /* Hydration.entitlements */ = {isa = PBXFileReference; lastKnownFileType = text.plist.entitlements; path = Hydration.entitlements; sourceTree = "<group>"; };
		B691E3222BA1150B003C4233 /* Launch Screen.storyboard */ = {isa = PBXFileReference; lastKnownFileType = file.storyboard; path = "Launch Screen.storyboard"; sourceTree = "<group>"; };
		B6ADE1792B7611AE004CA936 /* Info.plist */ = {isa = PBXFileReference; lastKnownFileType = text.plist; path = Info.plist; sourceTree = "<group>"; };
		DED7A7292BA264610033309C /* WaterIntakeView.swift */ = {isa = PBXFileReference; lastKnownFileType = sourcecode.swift; path = WaterIntakeView.swift; sourceTree = "<group>"; };
		DEE21C152BA126260083CA46 /* ScoreView.swift */ = {isa = PBXFileReference; lastKnownFileType = sourcecode.swift; path = ScoreView.swift; sourceTree = "<group>"; };
/* End PBXFileReference section */

/* Begin PBXFrameworksBuildPhase section */
		5246C2232B74663D00DB37E7 /* Frameworks */ = {
			isa = PBXFrameworksBuildPhase;
			buildActionMask = 2147483647;
			files = (
				5297318B2B9E979D004D13FD /* FirebaseDatabase in Frameworks */,
				529731892B9E979D004D13FD /* FirebaseAuth in Frameworks */,
				5297318D2B9E979D004D13FD /* FirebaseFirestore in Frameworks */,
				529731912B9E979D004D13FD /* FirebaseStorage in Frameworks */,
				5297318F2B9E979D004D13FD /* FirebaseFirestoreSwift in Frameworks */,
			);
			runOnlyForDeploymentPostprocessing = 0;
		};
/* End PBXFrameworksBuildPhase section */

/* Begin PBXGroup section */
		5246C21D2B74663D00DB37E7 = {
			isa = PBXGroup;
			children = (
				B691E3222BA1150B003C4233 /* Launch Screen.storyboard */,
				5246C22D2B74663E00DB37E7 /* Assets.xcassets */,
				5297319C2B9FB623004D13FD /* Sleep */,
				5297319B2B9FB5F2004D13FD /* SideMenu */,
				5297319A2B9FB52F004D13FD /* Exercise */,
				5297317B2B9E94D7004D13FD /* Login */,
				5246C2282B74663D00DB37E7 /* Hydration */,
				DEE21C142BA125F20083CA46 /* ZotScore */,
				5246C2272B74663D00DB37E7 /* Products */,
			);
			sourceTree = "<group>";
		};
		5246C2272B74663D00DB37E7 /* Products */ = {
			isa = PBXGroup;
			children = (
				5246C2262B74663D00DB37E7 /* Hydration.app */,
			);
			name = Products;
			sourceTree = "<group>";
		};
		5246C2282B74663D00DB37E7 /* Hydration */ = {
			isa = PBXGroup;
			children = (
				B67480EF2B8B0A9800C94876 /* Hydration.entitlements */,
				B6ADE1792B7611AE004CA936 /* Info.plist */,
				DED7A7292BA264610033309C /* WaterIntakeView.swift */,
				5246C2292B74663D00DB37E7 /* HydrationApp.swift */,
				5246C22B2B74663D00DB37E7 /* HydrationView.swift */,
				5262AF6A2B9FCED700007EAC /* HydrationStatsView.swift */,
				5262AF6C2BA0FE1900007EAC /* CircularWaterProgressView.swift */,
				5246C2372B74667500DB37E7 /* LocationManager.swift */,
				5246C22F2B74663E00DB37E7 /* Preview Content */,
			);
			path = Hydration;
			sourceTree = "<group>";
		};
		5246C22F2B74663E00DB37E7 /* Preview Content */ = {
			isa = PBXGroup;
			children = (
				5246C2302B74663E00DB37E7 /* Preview Assets.xcassets */,
			);
			path = "Preview Content";
			sourceTree = "<group>";
		};
		529731652B9E94D7004D13FD /* Components */ = {
			isa = PBXGroup;
			children = (
				529731632B9E94D7004D13FD /* InputView.swift */,
				529731642B9E94D7004D13FD /* SettingsRowView.swift */,
			);
			path = Components;
			sourceTree = "<group>";
		};
		529731682B9E94D7004D13FD /* Views */ = {
			isa = PBXGroup;
			children = (
				529731662B9E94D7004D13FD /* LoginView.swift */,
				529731672B9E94D7004D13FD /* RegistrationView.swift */,
			);
			path = Views;
			sourceTree = "<group>";
		};
		529731692B9E94D7004D13FD /* Authentication */ = {
			isa = PBXGroup;
			children = (
				529731682B9E94D7004D13FD /* Views */,
			);
			path = Authentication;
			sourceTree = "<group>";
		};
		5297316B2B9E94D7004D13FD /* Profile */ = {
			isa = PBXGroup;
			children = (
				5297316A2B9E94D7004D13FD /* UserView.swift */,
				529731942B9FAD6F004D13FD /* ProfileView.swift */,
			);
			path = Profile;
			sourceTree = "<group>";
		};
		5297316D2B9E94D7004D13FD /* Root */ = {
			isa = PBXGroup;
			children = (
				5297316C2B9E94D7004D13FD /* HomeView.swift */,
				529731732B9E94D7004D13FD /* SwiftUIApp.swift */,
			);
			path = Root;
			sourceTree = "<group>";
		};
		5297316E2B9E94D7004D13FD /* Core */ = {
			isa = PBXGroup;
			children = (
				529731692B9E94D7004D13FD /* Authentication */,
				5297316B2B9E94D7004D13FD /* Profile */,
				5297316D2B9E94D7004D13FD /* Root */,
			);
			path = Core;
			sourceTree = "<group>";
		};
		529731702B9E94D7004D13FD /* Model */ = {
			isa = PBXGroup;
			children = (
				5297316F2B9E94D7004D13FD /* User.swift */,
			);
			path = Model;
			sourceTree = "<group>";
		};
		529731782B9E94D7004D13FD /* ViewModel */ = {
			isa = PBXGroup;
			children = (
				529731772B9E94D7004D13FD /* AuthViewModel.swift */,
			);
			path = ViewModel;
			sourceTree = "<group>";
		};
		5297317B2B9E94D7004D13FD /* Login */ = {
			isa = PBXGroup;
			children = (
				529731922B9E994A004D13FD /* GoogleService-Info.plist */,
				529731652B9E94D7004D13FD /* Components */,
				5297316E2B9E94D7004D13FD /* Core */,
				529731702B9E94D7004D13FD /* Model */,
				529731782B9E94D7004D13FD /* ViewModel */,
			);
			path = Login;
			sourceTree = "<group>";
		};
		5297319A2B9FB52F004D13FD /* Exercise */ = {
			isa = PBXGroup;
			children = (
				52C0487E2B79D79E001E4884 /* ZotFitView.swift */,
				52C048822B8AC9EE001E4884 /* ExerciseTypeView.swift */,
				52BEE20D2B904EFE00F90F3A /* MuscleGroupView.swift */,
				52BEE20F2B91443C00F90F3A /* ExerciseDifficultyView.swift */,
				52BEE2112B915BBD00F90F3A /* ExerciseSuggestionView.swift */,
			);
			path = Exercise;
			sourceTree = "<group>";
		};
		5297319B2B9FB5F2004D13FD /* SideMenu */ = {
			isa = PBXGroup;
			children = (
				52C048742B783E06001E4884 /* SideMenuView.swift */,
				52C048762B783E19001E4884 /* SideMenuHeaderView.swift */,
				52C048782B783E2E001E4884 /* SideMenuOptionView.swift */,
				52C0487A2B783E61001E4884 /* SideMenuViewModel.swift */,
			);
			path = SideMenu;
			sourceTree = "<group>";
		};
		5297319C2B9FB623004D13FD /* Sleep */ = {
			isa = PBXGroup;
			children = (
				527F674A2BA27D8200193CC7 /* SleepCalcView.swift */,
				527F67462BA27D8200193CC7 /* SleepFunctions.swift */,
				527F67492BA27D8200193CC7 /* SleepImproveView.swift */,
				527F67472BA27D8200193CC7 /* SleepResultView.swift */,
				527F67482BA27D8200193CC7 /* ZotSleepView.swift */,
			);
			path = Sleep;
			sourceTree = "<group>";
		};
		DEE21C142BA125F20083CA46 /* ZotScore */ = {
			isa = PBXGroup;
			children = (
				DEE21C152BA126260083CA46 /* ScoreView.swift */,
			);
			path = ZotScore;
			sourceTree = "<group>";
		};
/* End PBXGroup section */

/* Begin PBXNativeTarget section */
		5246C2252B74663D00DB37E7 /* Hydration */ = {
			isa = PBXNativeTarget;
			buildConfigurationList = 5246C2342B74663E00DB37E7 /* Build configuration list for PBXNativeTarget "Hydration" */;
			buildPhases = (
				5246C2222B74663D00DB37E7 /* Sources */,
				5246C2232B74663D00DB37E7 /* Frameworks */,
				5246C2242B74663D00DB37E7 /* Resources */,
			);
			buildRules = (
			);
			dependencies = (
			);
			name = Hydration;
			packageProductDependencies = (
				529731882B9E979D004D13FD /* FirebaseAuth */,
				5297318A2B9E979D004D13FD /* FirebaseDatabase */,
				5297318C2B9E979D004D13FD /* FirebaseFirestore */,
				5297318E2B9E979D004D13FD /* FirebaseFirestoreSwift */,
				529731902B9E979D004D13FD /* FirebaseStorage */,
			);
			productName = Hydration;
			productReference = 5246C2262B74663D00DB37E7 /* Hydration.app */;
			productType = "com.apple.product-type.application";
		};
/* End PBXNativeTarget section */

/* Begin PBXProject section */
		5246C21E2B74663D00DB37E7 /* Project object */ = {
			isa = PBXProject;
			attributes = {
				BuildIndependentTargetsInParallel = 1;
				LastSwiftUpdateCheck = 1520;
				LastUpgradeCheck = 1520;
				TargetAttributes = {
					5246C2252B74663D00DB37E7 = {
						CreatedOnToolsVersion = 15.2;
					};
				};
			};
			buildConfigurationList = 5246C2212B74663D00DB37E7 /* Build configuration list for PBXProject "Hydration" */;
			compatibilityVersion = "Xcode 14.0";
			developmentRegion = en;
			hasScannedForEncodings = 0;
			knownRegions = (
				en,
				Base,
			);
			mainGroup = 5246C21D2B74663D00DB37E7;
			packageReferences = (
				529731872B9E9525004D13FD /* XCRemoteSwiftPackageReference "firebase-ios-sdk" */,
			);
			productRefGroup = 5246C2272B74663D00DB37E7 /* Products */;
			projectDirPath = "";
			projectRoot = "";
			targets = (
				5246C2252B74663D00DB37E7 /* Hydration */,
			);
		};
/* End PBXProject section */

/* Begin PBXResourcesBuildPhase section */
		5246C2242B74663D00DB37E7 /* Resources */ = {
			isa = PBXResourcesBuildPhase;
			buildActionMask = 2147483647;
			files = (
				5246C2312B74663E00DB37E7 /* Preview Assets.xcassets in Resources */,
				5246C22E2B74663E00DB37E7 /* Assets.xcassets in Resources */,
				B691E3232BA1150B003C4233 /* Launch Screen.storyboard in Resources */,
				529731932B9E994A004D13FD /* GoogleService-Info.plist in Resources */,
			);
			runOnlyForDeploymentPostprocessing = 0;
		};
/* End PBXResourcesBuildPhase section */

/* Begin PBXSourcesBuildPhase section */
		5246C2222B74663D00DB37E7 /* Sources */ = {
			isa = PBXSourcesBuildPhase;
			buildActionMask = 2147483647;
			files = (
				5246C22C2B74663D00DB37E7 /* HydrationView.swift in Sources */,
				52C0487F2B79D79E001E4884 /* ZotFitView.swift in Sources */,
				529731952B9FAD6F004D13FD /* ProfileView.swift in Sources */,
				527F674E2BA27D8200193CC7 /* SleepImproveView.swift in Sources */,
				5246C22A2B74663D00DB37E7 /* HydrationApp.swift in Sources */,
				52C048772B783E19001E4884 /* SideMenuHeaderView.swift in Sources */,
				529731832B9E94D7004D13FD /* SwiftUIApp.swift in Sources */,
				52C0487B2B783E61001E4884 /* SideMenuViewModel.swift in Sources */,
				5297317C2B9E94D7004D13FD /* InputView.swift in Sources */,
				52BEE2102B91443C00F90F3A /* ExerciseDifficultyView.swift in Sources */,
				527F674B2BA27D8200193CC7 /* SleepFunctions.swift in Sources */,
				527F674D2BA27D8200193CC7 /* ZotSleepView.swift in Sources */,
				52BEE2122B915BBD00F90F3A /* ExerciseSuggestionView.swift in Sources */,
				527F674F2BA27D8200193CC7 /* SleepCalcView.swift in Sources */,
				52BEE20E2B904EFE00F90F3A /* MuscleGroupView.swift in Sources */,
				52C048752B783E06001E4884 /* SideMenuView.swift in Sources */,
				5262AF6B2B9FCED700007EAC /* HydrationStatsView.swift in Sources */,
				529731822B9E94D7004D13FD /* User.swift in Sources */,
				DED7A72A2BA264610033309C /* WaterIntakeView.swift in Sources */,
				5246C2382B74667500DB37E7 /* LocationManager.swift in Sources */,
				5297317D2B9E94D7004D13FD /* SettingsRowView.swift in Sources */,
				529731802B9E94D7004D13FD /* UserView.swift in Sources */,
				5262AF6D2BA0FE1900007EAC /* CircularWaterProgressView.swift in Sources */,
				5297317E2B9E94D7004D13FD /* LoginView.swift in Sources */,
				527F674C2BA27D8200193CC7 /* SleepResultView.swift in Sources */,
				5297317F2B9E94D7004D13FD /* RegistrationView.swift in Sources */,
				52C048832B8AC9EE001E4884 /* ExerciseTypeView.swift in Sources */,
				529731842B9E94D7004D13FD /* AuthViewModel.swift in Sources */,
				529731812B9E94D7004D13FD /* HomeView.swift in Sources */,
				DEE21C162BA126260083CA46 /* ScoreView.swift in Sources */,
				52C048792B783E2E001E4884 /* SideMenuOptionView.swift in Sources */,
			);
			runOnlyForDeploymentPostprocessing = 0;
		};
/* End PBXSourcesBuildPhase section */

/* Begin XCBuildConfiguration section */
		5246C2322B74663E00DB37E7 /* Debug */ = {
			isa = XCBuildConfiguration;
			buildSettings = {
				ALWAYS_SEARCH_USER_PATHS = NO;
				ASSETCATALOG_COMPILER_GENERATE_SWIFT_ASSET_SYMBOL_EXTENSIONS = YES;
				CLANG_ANALYZER_NONNULL = YES;
				CLANG_ANALYZER_NUMBER_OBJECT_CONVERSION = YES_AGGRESSIVE;
				CLANG_CXX_LANGUAGE_STANDARD = "gnu++20";
				CLANG_ENABLE_MODULES = YES;
				CLANG_ENABLE_OBJC_ARC = YES;
				CLANG_ENABLE_OBJC_WEAK = YES;
				CLANG_WARN_BLOCK_CAPTURE_AUTORELEASING = YES;
				CLANG_WARN_BOOL_CONVERSION = YES;
				CLANG_WARN_COMMA = YES;
				CLANG_WARN_CONSTANT_CONVERSION = YES;
				CLANG_WARN_DEPRECATED_OBJC_IMPLEMENTATIONS = YES;
				CLANG_WARN_DIRECT_OBJC_ISA_USAGE = YES_ERROR;
				CLANG_WARN_DOCUMENTATION_COMMENTS = YES;
				CLANG_WARN_EMPTY_BODY = YES;
				CLANG_WARN_ENUM_CONVERSION = YES;
				CLANG_WARN_INFINITE_RECURSION = YES;
				CLANG_WARN_INT_CONVERSION = YES;
				CLANG_WARN_NON_LITERAL_NULL_CONVERSION = YES;
				CLANG_WARN_OBJC_IMPLICIT_RETAIN_SELF = YES;
				CLANG_WARN_OBJC_LITERAL_CONVERSION = YES;
				CLANG_WARN_OBJC_ROOT_CLASS = YES_ERROR;
				CLANG_WARN_QUOTED_INCLUDE_IN_FRAMEWORK_HEADER = YES;
				CLANG_WARN_RANGE_LOOP_ANALYSIS = YES;
				CLANG_WARN_STRICT_PROTOTYPES = YES;
				CLANG_WARN_SUSPICIOUS_MOVE = YES;
				CLANG_WARN_UNGUARDED_AVAILABILITY = YES_AGGRESSIVE;
				CLANG_WARN_UNREACHABLE_CODE = YES;
				CLANG_WARN__DUPLICATE_METHOD_MATCH = YES;
				COPY_PHASE_STRIP = NO;
				DEBUG_INFORMATION_FORMAT = dwarf;
				ENABLE_STRICT_OBJC_MSGSEND = YES;
				ENABLE_TESTABILITY = YES;
				ENABLE_USER_SCRIPT_SANDBOXING = YES;
				GCC_C_LANGUAGE_STANDARD = gnu17;
				GCC_DYNAMIC_NO_PIC = NO;
				GCC_NO_COMMON_BLOCKS = YES;
				GCC_OPTIMIZATION_LEVEL = 0;
				GCC_PREPROCESSOR_DEFINITIONS = (
					"DEBUG=1",
					"$(inherited)",
				);
				GCC_WARN_64_TO_32_BIT_CONVERSION = YES;
				GCC_WARN_ABOUT_RETURN_TYPE = YES_ERROR;
				GCC_WARN_UNDECLARED_SELECTOR = YES;
				GCC_WARN_UNINITIALIZED_AUTOS = YES_AGGRESSIVE;
				GCC_WARN_UNUSED_FUNCTION = YES;
				GCC_WARN_UNUSED_VARIABLE = YES;
				IPHONEOS_DEPLOYMENT_TARGET = 17.2;
				LOCALIZATION_PREFERS_STRING_CATALOGS = YES;
				MTL_ENABLE_DEBUG_INFO = INCLUDE_SOURCE;
				MTL_FAST_MATH = YES;
				ONLY_ACTIVE_ARCH = YES;
				SDKROOT = iphoneos;
				SWIFT_ACTIVE_COMPILATION_CONDITIONS = "DEBUG $(inherited)";
				SWIFT_OPTIMIZATION_LEVEL = "-Onone";
			};
			name = Debug;
		};
		5246C2332B74663E00DB37E7 /* Release */ = {
			isa = XCBuildConfiguration;
			buildSettings = {
				ALWAYS_SEARCH_USER_PATHS = NO;
				ASSETCATALOG_COMPILER_GENERATE_SWIFT_ASSET_SYMBOL_EXTENSIONS = YES;
				CLANG_ANALYZER_NONNULL = YES;
				CLANG_ANALYZER_NUMBER_OBJECT_CONVERSION = YES_AGGRESSIVE;
				CLANG_CXX_LANGUAGE_STANDARD = "gnu++20";
				CLANG_ENABLE_MODULES = YES;
				CLANG_ENABLE_OBJC_ARC = YES;
				CLANG_ENABLE_OBJC_WEAK = YES;
				CLANG_WARN_BLOCK_CAPTURE_AUTORELEASING = YES;
				CLANG_WARN_BOOL_CONVERSION = YES;
				CLANG_WARN_COMMA = YES;
				CLANG_WARN_CONSTANT_CONVERSION = YES;
				CLANG_WARN_DEPRECATED_OBJC_IMPLEMENTATIONS = YES;
				CLANG_WARN_DIRECT_OBJC_ISA_USAGE = YES_ERROR;
				CLANG_WARN_DOCUMENTATION_COMMENTS = YES;
				CLANG_WARN_EMPTY_BODY = YES;
				CLANG_WARN_ENUM_CONVERSION = YES;
				CLANG_WARN_INFINITE_RECURSION = YES;
				CLANG_WARN_INT_CONVERSION = YES;
				CLANG_WARN_NON_LITERAL_NULL_CONVERSION = YES;
				CLANG_WARN_OBJC_IMPLICIT_RETAIN_SELF = YES;
				CLANG_WARN_OBJC_LITERAL_CONVERSION = YES;
				CLANG_WARN_OBJC_ROOT_CLASS = YES_ERROR;
				CLANG_WARN_QUOTED_INCLUDE_IN_FRAMEWORK_HEADER = YES;
				CLANG_WARN_RANGE_LOOP_ANALYSIS = YES;
				CLANG_WARN_STRICT_PROTOTYPES = YES;
				CLANG_WARN_SUSPICIOUS_MOVE = YES;
				CLANG_WARN_UNGUARDED_AVAILABILITY = YES_AGGRESSIVE;
				CLANG_WARN_UNREACHABLE_CODE = YES;
				CLANG_WARN__DUPLICATE_METHOD_MATCH = YES;
				COPY_PHASE_STRIP = NO;
				DEBUG_INFORMATION_FORMAT = "dwarf-with-dsym";
				ENABLE_NS_ASSERTIONS = NO;
				ENABLE_STRICT_OBJC_MSGSEND = YES;
				ENABLE_USER_SCRIPT_SANDBOXING = YES;
				GCC_C_LANGUAGE_STANDARD = gnu17;
				GCC_NO_COMMON_BLOCKS = YES;
				GCC_WARN_64_TO_32_BIT_CONVERSION = YES;
				GCC_WARN_ABOUT_RETURN_TYPE = YES_ERROR;
				GCC_WARN_UNDECLARED_SELECTOR = YES;
				GCC_WARN_UNINITIALIZED_AUTOS = YES_AGGRESSIVE;
				GCC_WARN_UNUSED_FUNCTION = YES;
				GCC_WARN_UNUSED_VARIABLE = YES;
				IPHONEOS_DEPLOYMENT_TARGET = 17.2;
				LOCALIZATION_PREFERS_STRING_CATALOGS = YES;
				MTL_ENABLE_DEBUG_INFO = NO;
				MTL_FAST_MATH = YES;
				SDKROOT = iphoneos;
				SWIFT_COMPILATION_MODE = wholemodule;
				VALIDATE_PRODUCT = YES;
			};
			name = Release;
		};
		5246C2352B74663E00DB37E7 /* Debug */ = {
			isa = XCBuildConfiguration;
			buildSettings = {
				ASSETCATALOG_COMPILER_APPICON_NAME = AppIcon;
				ASSETCATALOG_COMPILER_GLOBAL_ACCENT_COLOR_NAME = AccentColor;
				CODE_SIGN_ENTITLEMENTS = Hydration/Hydration.entitlements;
				CODE_SIGN_IDENTITY = "Apple Development";
				CODE_SIGN_STYLE = Automatic;
				CURRENT_PROJECT_VERSION = 1;
				DEVELOPMENT_ASSET_PATHS = "\"Hydration/Preview Content\"";
				DEVELOPMENT_TEAM = F5UQSVF4PB;
				ENABLE_PREVIEWS = YES;
				GENERATE_INFOPLIST_FILE = YES;
				INFOPLIST_FILE = Hydration/Info.plist;
				INFOPLIST_KEY_NSHealthClinicalHealthRecordsShareUsageDescription = "We want to read your health data";
				INFOPLIST_KEY_NSHealthShareUsageDescription = "We want to read your health data";
				INFOPLIST_KEY_NSHealthUpdateUsageDescription = "We want to write your health data";
				INFOPLIST_KEY_NSLocationWhenInUseUsageDescription = "Allow To Share Current Location";
				INFOPLIST_KEY_UIApplicationSceneManifest_Generation = YES;
				INFOPLIST_KEY_UIApplicationSupportsIndirectInputEvents = YES;
				INFOPLIST_KEY_UILaunchScreen_Generation = YES;
				INFOPLIST_KEY_UILaunchStoryboardName = "Launch Screen.storyboard";
				INFOPLIST_KEY_UISupportedInterfaceOrientations_iPad = "UIInterfaceOrientationPortrait UIInterfaceOrientationPortraitUpsideDown UIInterfaceOrientationLandscapeLeft UIInterfaceOrientationLandscapeRight";
				INFOPLIST_KEY_UISupportedInterfaceOrientations_iPhone = "UIInterfaceOrientationPortrait UIInterfaceOrientationLandscapeLeft UIInterfaceOrientationLandscapeRight";
				IPHONEOS_DEPLOYMENT_TARGET = 17.0;
				LD_RUNPATH_SEARCH_PATHS = (
					"$(inherited)",
					"@executable_path/Frameworks",
				);
				MARKETING_VERSION = 1.0;
				PRODUCT_BUNDLE_IDENTIFIER = simarcheema.HydrationApp51;
				PRODUCT_NAME = "$(TARGET_NAME)";
				PROVISIONING_PROFILE_SPECIFIER = "";
				SWIFT_EMIT_LOC_STRINGS = YES;
				SWIFT_VERSION = 5.0;
				TARGETED_DEVICE_FAMILY = "1,2";
			};
			name = Debug;
		};
		5246C2362B74663E00DB37E7 /* Release */ = {
			isa = XCBuildConfiguration;
			buildSettings = {
				ASSETCATALOG_COMPILER_APPICON_NAME = AppIcon;
				ASSETCATALOG_COMPILER_GLOBAL_ACCENT_COLOR_NAME = AccentColor;
				CODE_SIGN_ENTITLEMENTS = Hydration/Hydration.entitlements;
				CODE_SIGN_IDENTITY = "Apple Development";
				CODE_SIGN_STYLE = Automatic;
				CURRENT_PROJECT_VERSION = 1;
				DEVELOPMENT_ASSET_PATHS = "\"Hydration/Preview Content\"";
				DEVELOPMENT_TEAM = F5UQSVF4PB;
				ENABLE_PREVIEWS = YES;
				GENERATE_INFOPLIST_FILE = YES;
				INFOPLIST_FILE = Hydration/Info.plist;
				INFOPLIST_KEY_NSHealthClinicalHealthRecordsShareUsageDescription = "We want to read your health data";
				INFOPLIST_KEY_NSHealthShareUsageDescription = "We want to read your health data";
				INFOPLIST_KEY_NSHealthUpdateUsageDescription = "We want to write your health data";
				INFOPLIST_KEY_NSLocationWhenInUseUsageDescription = "Allow To Share Current Location";
				INFOPLIST_KEY_UIApplicationSceneManifest_Generation = YES;
				INFOPLIST_KEY_UIApplicationSupportsIndirectInputEvents = YES;
				INFOPLIST_KEY_UILaunchScreen_Generation = YES;
				INFOPLIST_KEY_UILaunchStoryboardName = "Launch Screen.storyboard";
				INFOPLIST_KEY_UISupportedInterfaceOrientations_iPad = "UIInterfaceOrientationPortrait UIInterfaceOrientationPortraitUpsideDown UIInterfaceOrientationLandscapeLeft UIInterfaceOrientationLandscapeRight";
				INFOPLIST_KEY_UISupportedInterfaceOrientations_iPhone = "UIInterfaceOrientationPortrait UIInterfaceOrientationLandscapeLeft UIInterfaceOrientationLandscapeRight";
				IPHONEOS_DEPLOYMENT_TARGET = 17.0;
				LD_RUNPATH_SEARCH_PATHS = (
					"$(inherited)",
					"@executable_path/Frameworks",
				);
				MARKETING_VERSION = 1.0;
				PRODUCT_BUNDLE_IDENTIFIER = simarcheema.HydrationApp51;
				PRODUCT_NAME = "$(TARGET_NAME)";
				PROVISIONING_PROFILE_SPECIFIER = "";
				SWIFT_EMIT_LOC_STRINGS = YES;
				SWIFT_VERSION = 5.0;
				TARGETED_DEVICE_FAMILY = "1,2";
			};
			name = Release;
		};
/* End XCBuildConfiguration section */

/* Begin XCConfigurationList section */
		5246C2212B74663D00DB37E7 /* Build configuration list for PBXProject "Hydration" */ = {
			isa = XCConfigurationList;
			buildConfigurations = (
				5246C2322B74663E00DB37E7 /* Debug */,
				5246C2332B74663E00DB37E7 /* Release */,
			);
			defaultConfigurationIsVisible = 0;
			defaultConfigurationName = Release;
		};
		5246C2342B74663E00DB37E7 /* Build configuration list for PBXNativeTarget "Hydration" */ = {
			isa = XCConfigurationList;
			buildConfigurations = (
				5246C2352B74663E00DB37E7 /* Debug */,
				5246C2362B74663E00DB37E7 /* Release */,
			);
			defaultConfigurationIsVisible = 0;
			defaultConfigurationName = Release;
		};
/* End XCConfigurationList section */

/* Begin XCRemoteSwiftPackageReference section */
		529731872B9E9525004D13FD /* XCRemoteSwiftPackageReference "firebase-ios-sdk" */ = {
			isa = XCRemoteSwiftPackageReference;
			repositoryURL = "https://github.com/firebase/firebase-ios-sdk";
			requirement = {
				kind = upToNextMajorVersion;
				minimumVersion = 10.22.1;
			};
		};
/* End XCRemoteSwiftPackageReference section */

/* Begin XCSwiftPackageProductDependency section */
		529731882B9E979D004D13FD /* FirebaseAuth */ = {
			isa = XCSwiftPackageProductDependency;
			package = 529731872B9E9525004D13FD /* XCRemoteSwiftPackageReference "firebase-ios-sdk" */;
			productName = FirebaseAuth;
		};
		5297318A2B9E979D004D13FD /* FirebaseDatabase */ = {
			isa = XCSwiftPackageProductDependency;
			package = 529731872B9E9525004D13FD /* XCRemoteSwiftPackageReference "firebase-ios-sdk" */;
			productName = FirebaseDatabase;
		};
		5297318C2B9E979D004D13FD /* FirebaseFirestore */ = {
			isa = XCSwiftPackageProductDependency;
			package = 529731872B9E9525004D13FD /* XCRemoteSwiftPackageReference "firebase-ios-sdk" */;
			productName = FirebaseFirestore;
		};
		5297318E2B9E979D004D13FD /* FirebaseFirestoreSwift */ = {
			isa = XCSwiftPackageProductDependency;
			package = 529731872B9E9525004D13FD /* XCRemoteSwiftPackageReference "firebase-ios-sdk" */;
			productName = FirebaseFirestoreSwift;
		};
		529731902B9E979D004D13FD /* FirebaseStorage */ = {
			isa = XCSwiftPackageProductDependency;
			package = 529731872B9E9525004D13FD /* XCRemoteSwiftPackageReference "firebase-ios-sdk" */;
			productName = FirebaseStorage;
		};
/* End XCSwiftPackageProductDependency section */
	};
	rootObject = 5246C21E2B74663D00DB37E7 /* Project object */;
}
